
Microsoft Visual Studio Solution File, Format Version 12.00
# Visual Studio Version 17
VisualStudioVersion = 17.0.31903.59
MinimumVisualStudioVersion = 10.0.40219.1
Project("{2150E333-8FDC-42A3-9474-1A3956D46DE8}") = "src", "src", "{827E0CD3-B72D-47B6-A68D-7590B98EB39B}"
EndProject
Project("{FAE04EC0-301F-11D3-BF4B-00C04F79EFBC}") = "Packly.Contracts", "src\Packly.Contracts\Packly.Contracts.csproj", "{F1E66F34-E154-4165-8F24-FEE2500D34F6}"
EndProject
Project("{FAE04EC0-301F-11D3-BF4B-00C04F79EFBC}") = "Packly.Api", "src\Packly.Api\Packly.Api.csproj", "{6AF63881-B6A5-4D52-9E02-477783323D5E}"
EndProject
Project("{FAE04EC0-301F-11D3-BF4B-00C04F79EFBC}") = "Packly.Orchestrator", "src\Packly.Orchestrator\Packly.Orchestrator.csproj", "{9273A4A4-B1CE-442B-B7CA-A3C48EB35CB3}"
EndProject
Project("{FAE04EC0-301F-11D3-BF4B-00C04F79EFBC}") = "Packly.Payment", "src\Packly.Payment\Packly.Payment.csproj", "{E4DD27FF-C379-4D7D-92D9-97DA438B892C}"
EndProject
Project("{FAE04EC0-301F-11D3-BF4B-00C04F79EFBC}") = "Packly.Messaging", "src\Packly.Messaging\Packly.Messaging.csproj", "{25021C6A-0E2A-4BC0-8669-FE90AE96C75D}"
EndProject
Project("{FAE04EC0-301F-11D3-BF4B-00C04F79EFBC}") = "Packly.Inventory", "src\Packly.Inventory\Packly.Inventory.csproj", "{39C6DA86-E2C4-448E-9C8D-E7A8A0597883}"
EndProject
Project("{FAE04EC0-301F-11D3-BF4B-00C04F79EFBC}") = "Packly.Notification", "src\Packly.Notification\Packly.Notification.csproj", "{875C6269-3281-427A-82BD-76BDFB9ED12D}"
EndProject
Project("{FAE04EC0-301F-11D3-BF4B-00C04F79EFBC}") = "Packly.Projection", "src\Packly.Projection\Packly.Projection.csproj", "{B407832D-DC83-4E87-B1B7-63AB6EC3E5C1}"
EndProject
Global
	GlobalSection(SolutionConfigurationPlatforms) = preSolution
		Debug|Any CPU = Debug|Any CPU
		Debug|x64 = Debug|x64
		Debug|x86 = Debug|x86
		Release|Any CPU = Release|Any CPU
		Release|x64 = Release|x64
		Release|x86 = Release|x86
	EndGlobalSection
	GlobalSection(ProjectConfigurationPlatforms) = postSolution
		{F1E66F34-E154-4165-8F24-FEE2500D34F6}.Debug|Any CPU.ActiveCfg = Debug|Any CPU
		{F1E66F34-E154-4165-8F24-FEE2500D34F6}.Debug|Any CPU.Build.0 = Debug|Any CPU
		{F1E66F34-E154-4165-8F24-FEE2500D34F6}.Debug|x64.ActiveCfg = Debug|Any CPU
		{F1E66F34-E154-4165-8F24-FEE2500D34F6}.Debug|x64.Build.0 = Debug|Any CPU
		{F1E66F34-E154-4165-8F24-FEE2500D34F6}.Debug|x86.ActiveCfg = Debug|Any CPU
		{F1E66F34-E154-4165-8F24-FEE2500D34F6}.Debug|x86.Build.0 = Debug|Any CPU
		{F1E66F34-E154-4165-8F24-FEE2500D34F6}.Release|Any CPU.ActiveCfg = Release|Any CPU
		{F1E66F34-E154-4165-8F24-FEE2500D34F6}.Release|Any CPU.Build.0 = Release|Any CPU
		{F1E66F34-E154-4165-8F24-FEE2500D34F6}.Release|x64.ActiveCfg = Release|Any CPU
		{F1E66F34-E154-4165-8F24-FEE2500D34F6}.Release|x64.Build.0 = Release|Any CPU
		{F1E66F34-E154-4165-8F24-FEE2500D34F6}.Release|x86.ActiveCfg = Release|Any CPU
		{F1E66F34-E154-4165-8F24-FEE2500D34F6}.Release|x86.Build.0 = Release|Any CPU
		{6AF63881-B6A5-4D52-9E02-477783323D5E}.Debug|Any CPU.ActiveCfg = Debug|Any CPU
		{6AF63881-B6A5-4D52-9E02-477783323D5E}.Debug|Any CPU.Build.0 = Debug|Any CPU
		{6AF63881-B6A5-4D52-9E02-477783323D5E}.Debug|x64.ActiveCfg = Debug|Any CPU
		{6AF63881-B6A5-4D52-9E02-477783323D5E}.Debug|x64.Build.0 = Debug|Any CPU
		{6AF63881-B6A5-4D52-9E02-477783323D5E}.Debug|x86.ActiveCfg = Debug|Any CPU
		{6AF63881-B6A5-4D52-9E02-477783323D5E}.Debug|x86.Build.0 = Debug|Any CPU
		{6AF63881-B6A5-4D52-9E02-477783323D5E}.Release|Any CPU.ActiveCfg = Release|Any CPU
		{6AF63881-B6A5-4D52-9E02-477783323D5E}.Release|Any CPU.Build.0 = Release|Any CPU
		{6AF63881-B6A5-4D52-9E02-477783323D5E}.Release|x64.ActiveCfg = Release|Any CPU
		{6AF63881-B6A5-4D52-9E02-477783323D5E}.Release|x64.Build.0 = Release|Any CPU
		{6AF63881-B6A5-4D52-9E02-477783323D5E}.Release|x86.ActiveCfg = Release|Any CPU
		{6AF63881-B6A5-4D52-9E02-477783323D5E}.Release|x86.Build.0 = Release|Any CPU
		{9273A4A4-B1CE-442B-B7CA-A3C48EB35CB3}.Debug|Any CPU.ActiveCfg = Debug|Any CPU
		{9273A4A4-B1CE-442B-B7CA-A3C48EB35CB3}.Debug|Any CPU.Build.0 = Debug|Any CPU
		{9273A4A4-B1CE-442B-B7CA-A3C48EB35CB3}.Debug|x64.ActiveCfg = Debug|Any CPU
		{9273A4A4-B1CE-442B-B7CA-A3C48EB35CB3}.Debug|x64.Build.0 = Debug|Any CPU
		{9273A4A4-B1CE-442B-B7CA-A3C48EB35CB3}.Debug|x86.ActiveCfg = Debug|Any CPU
		{9273A4A4-B1CE-442B-B7CA-A3C48EB35CB3}.Debug|x86.Build.0 = Debug|Any CPU
		{9273A4A4-B1CE-442B-B7CA-A3C48EB35CB3}.Release|Any CPU.ActiveCfg = Release|Any CPU
		{9273A4A4-B1CE-442B-B7CA-A3C48EB35CB3}.Release|Any CPU.Build.0 = Release|Any CPU
		{9273A4A4-B1CE-442B-B7CA-A3C48EB35CB3}.Release|x64.ActiveCfg = Release|Any CPU
		{9273A4A4-B1CE-442B-B7CA-A3C48EB35CB3}.Release|x64.Build.0 = Release|Any CPU
		{9273A4A4-B1CE-442B-B7CA-A3C48EB35CB3}.Release|x86.ActiveCfg = Release|Any CPU
		{9273A4A4-B1CE-442B-B7CA-A3C48EB35CB3}.Release|x86.Build.0 = Release|Any CPU
		{E4DD27FF-C379-4D7D-92D9-97DA438B892C}.Debug|Any CPU.ActiveCfg = Debug|Any CPU
		{E4DD27FF-C379-4D7D-92D9-97DA438B892C}.Debug|Any CPU.Build.0 = Debug|Any CPU
		{E4DD27FF-C379-4D7D-92D9-97DA438B892C}.Debug|x64.ActiveCfg = Debug|Any CPU
		{E4DD27FF-C379-4D7D-92D9-97DA438B892C}.Debug|x64.Build.0 = Debug|Any CPU
		{E4DD27FF-C379-4D7D-92D9-97DA438B892C}.Debug|x86.ActiveCfg = Debug|Any CPU
		{E4DD27FF-C379-4D7D-92D9-97DA438B892C}.Debug|x86.Build.0 = Debug|Any CPU
		{E4DD27FF-C379-4D7D-92D9-97DA438B892C}.Release|Any CPU.ActiveCfg = Release|Any CPU
		{E4DD27FF-C379-4D7D-92D9-97DA438B892C}.Release|Any CPU.Build.0 = Release|Any CPU
		{E4DD27FF-C379-4D7D-92D9-97DA438B892C}.Release|x64.ActiveCfg = Release|Any CPU
		{E4DD27FF-C379-4D7D-92D9-97DA438B892C}.Release|x64.Build.0 = Release|Any CPU
		{E4DD27FF-C379-4D7D-92D9-97DA438B892C}.Release|x86.ActiveCfg = Release|Any CPU
		{E4DD27FF-C379-4D7D-92D9-97DA438B892C}.Release|x86.Build.0 = Release|Any CPU
		{25021C6A-0E2A-4BC0-8669-FE90AE96C75D}.Debug|Any CPU.ActiveCfg = Debug|Any CPU
		{25021C6A-0E2A-4BC0-8669-FE90AE96C75D}.Debug|Any CPU.Build.0 = Debug|Any CPU
		{25021C6A-0E2A-4BC0-8669-FE90AE96C75D}.Debug|x64.ActiveCfg = Debug|Any CPU
		{25021C6A-0E2A-4BC0-8669-FE90AE96C75D}.Debug|x64.Build.0 = Debug|Any CPU
		{25021C6A-0E2A-4BC0-8669-FE90AE96C75D}.Debug|x86.ActiveCfg = Debug|Any CPU
		{25021C6A-0E2A-4BC0-8669-FE90AE96C75D}.Debug|x86.Build.0 = Debug|Any CPU
		{25021C6A-0E2A-4BC0-8669-FE90AE96C75D}.Release|Any CPU.ActiveCfg = Release|Any CPU
		{25021C6A-0E2A-4BC0-8669-FE90AE96C75D}.Release|Any CPU.Build.0 = Release|Any CPU
		{25021C6A-0E2A-4BC0-8669-FE90AE96C75D}.Release|x64.ActiveCfg = Release|Any CPU
		{25021C6A-0E2A-4BC0-8669-FE90AE96C75D}.Release|x64.Build.0 = Release|Any CPU
		{25021C6A-0E2A-4BC0-8669-FE90AE96C75D}.Release|x86.ActiveCfg = Release|Any CPU
		{25021C6A-0E2A-4BC0-8669-FE90AE96C75D}.Release|x86.Build.0 = Release|Any CPU
		{39C6DA86-E2C4-448E-9C8D-E7A8A0597883}.Debug|Any CPU.ActiveCfg = Debug|Any CPU
		{39C6DA86-E2C4-448E-9C8D-E7A8A0597883}.Debug|Any CPU.Build.0 = Debug|Any CPU
		{39C6DA86-E2C4-448E-9C8D-E7A8A0597883}.Debug|x64.ActiveCfg = Debug|Any CPU
		{39C6DA86-E2C4-448E-9C8D-E7A8A0597883}.Debug|x64.Build.0 = Debug|Any CPU
		{39C6DA86-E2C4-448E-9C8D-E7A8A0597883}.Debug|x86.ActiveCfg = Debug|Any CPU
		{39C6DA86-E2C4-448E-9C8D-E7A8A0597883}.Debug|x86.Build.0 = Debug|Any CPU
		{39C6DA86-E2C4-448E-9C8D-E7A8A0597883}.Release|Any CPU.ActiveCfg = Release|Any CPU
		{39C6DA86-E2C4-448E-9C8D-E7A8A0597883}.Release|Any CPU.Build.0 = Release|Any CPU
		{39C6DA86-E2C4-448E-9C8D-E7A8A0597883}.Release|x64.ActiveCfg = Release|Any CPU
		{39C6DA86-E2C4-448E-9C8D-E7A8A0597883}.Release|x64.Build.0 = Release|Any CPU
		{39C6DA86-E2C4-448E-9C8D-E7A8A0597883}.Release|x86.ActiveCfg = Release|Any CPU
		{39C6DA86-E2C4-448E-9C8D-E7A8A0597883}.Release|x86.Build.0 = Release|Any CPU
		{875C6269-3281-427A-82BD-76BDFB9ED12D}.Debug|Any CPU.ActiveCfg = Debug|Any CPU
		{875C6269-3281-427A-82BD-76BDFB9ED12D}.Debug|Any CPU.Build.0 = Debug|Any CPU
		{875C6269-3281-427A-82BD-76BDFB9ED12D}.Debug|x64.ActiveCfg = Debug|Any CPU
		{875C6269-3281-427A-82BD-76BDFB9ED12D}.Debug|x64.Build.0 = Debug|Any CPU
		{875C6269-3281-427A-82BD-76BDFB9ED12D}.Debug|x86.ActiveCfg = Debug|Any CPU
		{875C6269-3281-427A-82BD-76BDFB9ED12D}.Debug|x86.Build.0 = Debug|Any CPU
		{875C6269-3281-427A-82BD-76BDFB9ED12D}.Release|Any CPU.ActiveCfg = Release|Any CPU
		{875C6269-3281-427A-82BD-76BDFB9ED12D}.Release|Any CPU.Build.0 = Release|Any CPU
		{875C6269-3281-427A-82BD-76BDFB9ED12D}.Release|x64.ActiveCfg = Release|Any CPU
		{875C6269-3281-427A-82BD-76BDFB9ED12D}.Release|x64.Build.0 = Release|Any CPU
		{875C6269-3281-427A-82BD-76BDFB9ED12D}.Release|x86.ActiveCfg = Release|Any CPU
		{875C6269-3281-427A-82BD-76BDFB9ED12D}.Release|x86.Build.0 = Release|Any CPU
		{B407832D-DC83-4E87-B1B7-63AB6EC3E5C1}.Debug|Any CPU.ActiveCfg = Debug|Any CPU
		{B407832D-DC83-4E87-B1B7-63AB6EC3E5C1}.Debug|Any CPU.Build.0 = Debug|Any CPU
		{B407832D-DC83-4E87-B1B7-63AB6EC3E5C1}.Debug|x64.ActiveCfg = Debug|Any CPU
		{B407832D-DC83-4E87-B1B7-63AB6EC3E5C1}.Debug|x64.Build.0 = Debug|Any CPU
		{B407832D-DC83-4E87-B1B7-63AB6EC3E5C1}.Debug|x86.ActiveCfg = Debug|Any CPU
		{B407832D-DC83-4E87-B1B7-63AB6EC3E5C1}.Debug|x86.Build.0 = Debug|Any CPU
		{B407832D-DC83-4E87-B1B7-63AB6EC3E5C1}.Release|Any CPU.ActiveCfg = Release|Any CPU
		{B407832D-DC83-4E87-B1B7-63AB6EC3E5C1}.Release|Any CPU.Build.0 = Release|Any CPU
		{B407832D-DC83-4E87-B1B7-63AB6EC3E5C1}.Release|x64.ActiveCfg = Release|Any CPU
		{B407832D-DC83-4E87-B1B7-63AB6EC3E5C1}.Release|x64.Build.0 = Release|Any CPU
		{B407832D-DC83-4E87-B1B7-63AB6EC3E5C1}.Release|x86.ActiveCfg = Release|Any CPU
		{B407832D-DC83-4E87-B1B7-63AB6EC3E5C1}.Release|x86.Build.0 = Release|Any CPU
	EndGlobalSection
	GlobalSection(SolutionProperties) = preSolution
		HideSolutionNode = FALSE
	EndGlobalSection
	GlobalSection(NestedProjects) = preSolution
		{F1E66F34-E154-4165-8F24-FEE2500D34F6} = {827E0CD3-B72D-47B6-A68D-7590B98EB39B}
		{6AF63881-B6A5-4D52-9E02-477783323D5E} = {827E0CD3-B72D-47B6-A68D-7590B98EB39B}
		{9273A4A4-B1CE-442B-B7CA-A3C48EB35CB3} = {827E0CD3-B72D-47B6-A68D-7590B98EB39B}
		{E4DD27FF-C379-4D7D-92D9-97DA438B892C} = {827E0CD3-B72D-47B6-A68D-7590B98EB39B}
		{25021C6A-0E2A-4BC0-8669-FE90AE96C75D} = {827E0CD3-B72D-47B6-A68D-7590B98EB39B}
		{39C6DA86-E2C4-448E-9C8D-E7A8A0597883} = {827E0CD3-B72D-47B6-A68D-7590B98EB39B}
		{875C6269-3281-427A-82BD-76BDFB9ED12D} = {827E0CD3-B72D-47B6-A68D-7590B98EB39B}
		{B407832D-DC83-4E87-B1B7-63AB6EC3E5C1} = {827E0CD3-B72D-47B6-A68D-7590B98EB39B}
	EndGlobalSection
EndGlobal
